// !$*UTF8*$!
{
	archiveVersion = 1;
	classes = {
	};
	objectVersion = 46;
	objects = {

/* Begin PBXBuildFile section */
		069CB5D71A3093FF008BCE2D /* main.m in Sources */ = {isa = PBXBuildFile; fileRef = 069CB5D61A3093FF008BCE2D /* main.m */; };
		069CB5DE1A30A60D008BCE2D /* Square.m in Sources */ = {isa = PBXBuildFile; fileRef = 069CB5DD1A30A60D008BCE2D /* Square.m */; };
		069CB5ED1A39CF5B008BCE2D /* SquareComparer.m in Sources */ = {isa = PBXBuildFile; fileRef = 069CB5EC1A39CF5B008BCE2D /* SquareComparer.m */; };
		069CB5F11A39DFF2008BCE2D /* Shape.m in Sources */ = {isa = PBXBuildFile; fileRef = 069CB5F01A39DFF2008BCE2D /* Shape.m */; };
		069CB5F41A39E0A5008BCE2D /* Circle.m in Sources */ = {isa = PBXBuildFile; fileRef = 069CB5F31A39E0A5008BCE2D /* Circle.m */; };
/* End PBXBuildFile section */

/* Begin PBXCopyFilesBuildPhase section */
		069CB5D11A3093FF008BCE2D /* CopyFiles */ = {
			isa = PBXCopyFilesBuildPhase;
			buildActionMask = 2147483647;
			dstPath = /usr/share/man/man1/;
			dstSubfolderSpec = 0;
			files = (
			);
			runOnlyForDeploymentPostprocessing = 1;
		};
/* End PBXCopyFilesBuildPhase section */

/* Begin PBXFileReference section */
		069CB5D31A3093FF008BCE2D /* HelloWorld */ = {isa = PBXFileReference; explicitFileType = "compiled.mach-o.executable"; includeInIndex = 0; path = HelloWorld; sourceTree = BUILT_PRODUCTS_DIR; };
		069CB5D61A3093FF008BCE2D /* main.m */ = {isa = PBXFileReference; lastKnownFileType = sourcecode.c.objc; path = main.m; sourceTree = "<group>"; };
		069CB5DD1A30A60D008BCE2D /* Square.m */ = {isa = PBXFileReference; fileEncoding = 4; lastKnownFileType = sourcecode.c.objc; path = Square.m; sourceTree = "<group>"; };
		069CB5DF1A30A624008BCE2D /* Square.h */ = {isa = PBXFileReference; lastKnownFileType = sourcecode.c.h; path = Square.h; sourceTree = "<group>"; };
		069CB5EC1A39CF5B008BCE2D /* SquareComparer.m */ = {isa = PBXFileReference; fileEncoding = 4; lastKnownFileType = sourcecode.c.objc; path = SquareComparer.m; sourceTree = "<group>"; };
		069CB5EE1A39CF67008BCE2D /* SquareComparer.h */ = {isa = PBXFileReference; fileEncoding = 4; lastKnownFileType = sourcecode.c.h; path = SquareComparer.h; sourceTree = "<group>"; };
		069CB5EF1A39DFE6008BCE2D /* Shape.h */ = {isa = PBXFileReference; fileEncoding = 4; lastKnownFileType = sourcecode.c.h; path = Shape.h; sourceTree = "<group>"; };
		069CB5F01A39DFF2008BCE2D /* Shape.m */ = {isa = PBXFileReference; fileEncoding = 4; lastKnownFileType = sourcecode.c.objc; path = Shape.m; sourceTree = "<group>"; };
		069CB5F21A39E07F008BCE2D /* Circle.h */ = {isa = PBXFileReference; fileEncoding = 4; lastKnownFileType = sourcecode.c.h; path = Circle.h; sourceTree = "<group>"; };
		069CB5F31A39E0A5008BCE2D /* Circle.m */ = {isa = PBXFileReference; fileEncoding = 4; lastKnownFileType = sourcecode.c.objc; path = Circle.m; sourceTree = "<group>"; };
/* End PBXFileReference section */

/* Begin PBXFrameworksBuildPhase section */
		069CB5D01A3093FF008BCE2D /* Frameworks */ = {
			isa = PBXFrameworksBuildPhase;
			buildActionMask = 2147483647;
			files = (
			);
			runOnlyForDeploymentPostprocessing = 0;
		};
/* End PBXFrameworksBuildPhase section */

/* Begin PBXGroup section */
		069CB5CA1A3093FF008BCE2D = {
			isa = PBXGroup;
			children = (
				069CB5D51A3093FF008BCE2D /* HelloWorld */,
				069CB5D41A3093FF008BCE2D /* Products */,
			);
			sourceTree = "<group>";
		};
		069CB5D41A3093FF008BCE2D /* Products */ = {
			isa = PBXGroup;
			children = (
				069CB5D31A3093FF008BCE2D /* HelloWorld */,
			);
			name = Products;
			sourceTree = "<group>";
		};
		069CB5D51A3093FF008BCE2D /* HelloWorld */ = {
			isa = PBXGroup;
			children = (
				069CB5D61A3093FF008BCE2D /* main.m */,
				069CB5DD1A30A60D008BCE2D /* Square.m */,
				069CB5DF1A30A624008BCE2D /* Square.h */,
				069CB5F21A39E07F008BCE2D /* Circle.h */,
				069CB5F31A39E0A5008BCE2D /* Circle.m */,
				069CB5EC1A39CF5B008BCE2D /* SquareComparer.m */,
				069CB5EE1A39CF67008BCE2D /* SquareComparer.h */,
				069CB5EF1A39DFE6008BCE2D /* Shape.h */,
				069CB5F01A39DFF2008BCE2D /* Shape.m */,
			);
			path = HelloWorld;
			sourceTree = "<group>";
		};
/* End PBXGroup section */

/* Begin PBXNativeTarget section */
		069CB5D21A3093FF008BCE2D /* HelloWorld */ = {
			isa = PBXNativeTarget;
			buildConfigurationList = 069CB5DA1A3093FF008BCE2D /* Build configuration list for PBXNativeTarget "HelloWorld" */;
			buildPhases = (
				069CB5CF1A3093FF008BCE2D /* Sources */,
				069CB5D01A3093FF008BCE2D /* Frameworks */,
				069CB5D11A3093FF008BCE2D /* CopyFiles */,
			);
			buildRules = (
			);
			dependencies = (
			);
			name = HelloWorld;
			productName = HelloWorld;
			productReference = 069CB5D31A3093FF008BCE2D /* HelloWorld */;
			productType = "com.apple.product-type.tool";
		};
/* End PBXNativeTarget section */

/* Begin PBXProject section */
		069CB5CB1A3093FF008BCE2D /* Project object */ = {
			isa = PBXProject;
			attributes = {
				LastUpgradeCheck = 0600;
				ORGANIZATIONNAME = "Graham Mace";
				TargetAttributes = {
					069CB5D21A3093FF008BCE2D = {
						CreatedOnToolsVersion = 6.0.1;
					};
				};
			};
			buildConfigurationList = 069CB5CE1A3093FF008BCE2D /* Build configuration list for PBXProject "HelloWorld" */;
			compatibilityVersion = "Xcode 3.2";
			developmentRegion = English;
			hasScannedForEncodings = 0;
			knownRegions = (
				en,
			);
			mainGroup = 069CB5CA1A3093FF008BCE2D;
			productRefGroup = 069CB5D41A3093FF008BCE2D /* Products */;
			projectDirPath = "";
			projectRoot = "";
			targets = (
				069CB5D21A3093FF008BCE2D /* HelloWorld */,
			);
		};
/* End PBXProject section */

/* Begin PBXSourcesBuildPhase section */
		069CB5CF1A3093FF008BCE2D /* Sources */ = {
			isa = PBXSourcesBuildPhase;
			buildActionMask = 2147483647;
			files = (
				069CB5DE1A30A60D008BCE2D /* Square.m in Sources */,
				069CB5ED1A39CF5B008BCE2D /* SquareComparer.m in Sources */,
				069CB5F41A39E0A5008BCE2D /* Circle.m in Sources */,
				069CB5D71A3093FF008BCE2D /* main.m in Sources */,
				069CB5F11A39DFF2008BCE2D /* Shape.m in Sources */,
			);
			runOnlyForDeploymentPostprocessing = 0;
		};
/* End PBXSourcesBuildPhase section */

/* Begin XCBuildConfiguration section */
		069CB5D81A3093FF008BCE2D /* Debug */ = {
			isa = XCBuildConfiguration;
			buildSettings = {
				ALWAYS_SEARCH_USER_PATHS = NO;
				CLANG_CXX_LANGUAGE_STANDARD = "gnu++0x";
				CLANG_CXX_LIBRARY = "libc++";
				CLANG_ENABLE_MODULES = YES;
				CLANG_ENABLE_OBJC_ARC = YES;
				CLANG_WARN_BOOL_CONVERSION = YES;
				CLANG_WARN_CONSTANT_CONVERSION = YES;
				CLANG_WARN_DIRECT_OBJC_ISA_USAGE = YES_ERROR;
				CLANG_WARN_EMPTY_BODY = YES;
				CLANG_WARN_ENUM_CONVERSION = YES;
				CLANG_WARN_INT_CONVERSION = YES;
				CLANG_WARN_OBJC_ROOT_CLASS = YES_ERROR;
				CLANG_WARN_UNREACHABLE_CODE = YES;
				CLANG_WARN__DUPLICATE_METHOD_MATCH = YES;
				COPY_PHASE_STRIP = NO;
				ENABLE_STRICT_OBJC_MSGSEND = YES;
				GCC_C_LANGUAGE_STANDARD = gnu99;
				GCC_DYNAMIC_NO_PIC = NO;
				GCC_OPTIMIZATION_LEVEL = 0;
				GCC_PREPROCESSOR_DEFINITIONS = (
					"DEBUG=1",
					"$(inherited)",
				);
				GCC_SYMBOLS_PRIVATE_EXTERN = NO;
				GCC_WARN_64_TO_32_BIT_CONVERSION = YES;
				GCC_WARN_ABOUT_RETURN_TYPE = YES_ERROR;
				GCC_WARN_UNDECLARED_SELECTOR = YES;
				GCC_WARN_UNINITIALIZED_AUTOS = YES_AGGRESSIVE;
				GCC_WARN_UNUSED_FUNCTION = YES;
				GCC_WARN_UNUSED_VARIABLE = YES;
				MACOSX_DEPLOYMENT_TARGET = 10.10;
				MTL_ENABLE_DEBUG_INFO = YES;
				ONLY_ACTIVE_ARCH = YES;
				SDKROOT = macosx;
			};
			name = Debug;
		};
		069CB5D91A3093FF008BCE2D /* Release */ = {
			isa = XCBuildConfiguration;
			buildSettings = {
				ALWAYS_SEARCH_USER_PATHS = NO;
				CLANG_CXX_LANGUAGE_STANDARD = "gnu++0x";
				CLANG_CXX_LIBRARY = "libc++";
				CLANG_ENABLE_MODULES = YES;
				CLANG_ENABLE_OBJC_ARC = YES;
				CLANG_WARN_BOOL_CONVERSION = YES;
				CLANG_WARN_CONSTANT_CONVERSION = YES;
				CLANG_WARN_DIRECT_OBJC_ISA_USAGE = YES_ERROR;
				CLANG_WARN_EMPTY_BODY = YES;
				CLANG_WARN_ENUM_CONVERSION = YES;
				CLANG_WARN_INT_CONVERSION = YES;
				CLANG_WARN_OBJC_ROOT_CLASS = YES_ERROR;
				CLANG_WARN_UNREACHABLE_CODE = YES;
				CLANG_WARN__DUPLICATE_METHOD_MATCH = YES;
				COPY_PHASE_STRIP = YES;
				DEBUG_INFORMATION_FORMAT = "dwarf-with-dsym";
				ENABLE_NS_ASSERTIONS = NO;
				ENABLE_STRICT_OBJC_MSGSEND = YES;
				GCC_C_LANGUAGE_STANDARD = gnu99;
				GCC_WARN_64_TO_32_BIT_CONVERSION = YES;
				GCC_WARN_ABOUT_RETURN_TYPE = YES_ERROR;
				GCC_WARN_UNDECLARED_SELECTOR = YES;
				GCC_WARN_UNINITIALIZED_AUTOS = YES_AGGRESSIVE;
				GCC_WARN_UNUSED_FUNCTION = YES;
				GCC_WARN_UNUSED_VARIABLE = YES;
				MACOSX_DEPLOYMENT_TARGET = 10.10;
				MTL_ENABLE_DEBUG_INFO = NO;
				SDKROOT = macosx;
			};
			name = Release;
		};
		069CB5DB1A3093FF008BCE2D /* Debug */ = {
			isa = XCBuildConfiguration;
			buildSettings = {
				PRODUCT_NAME = "$(TARGET_NAME)";
			};
			name = Debug;
		};
		069CB5DC1A3093FF008BCE2D /* Release */ = {
			isa = XCBuildConfiguration;
			buildSettings = {
				PRODUCT_NAME = "$(TARGET_NAME)";
			};
			name = Release;
		};
/* End XCBuildConfiguration section */

/* Begin XCConfigurationList section */
		069CB5CE1A3093FF008BCE2D /* Build configuration list for PBXProject "HelloWorld" */ = {
			isa = XCConfigurationList;
			buildConfigurations = (
				069CB5D81A3093FF008BCE2D /* Debug */,
				069CB5D91A3093FF008BCE2D /* Release */,
			);
			defaultConfigurationIsVisible = 0;
			defaultConfigurationName = Release;
		};
		069CB5DA1A3093FF008BCE2D /* Build configuration list for PBXNativeTarget "HelloWorld" */ = {
			isa = XCConfigurationList;
			buildConfigurations = (
				069CB5DB1A3093FF008BCE2D /* Debug */,
				069CB5DC1A3093FF008BCE2D /* Release */,
			);
			defaultConfigurationIsVisible = 0;
			defaultConfigurationName = Release;
		};
/* End XCConfigurationList section */
	};
	rootObject = 069CB5CB1A3093FF008BCE2D /* Project object */;
}
